
Microsoft Visual Studio Solution File, Format Version 12.00
# Visual Studio Version 17
VisualStudioVersion = 17.5.002.0
MinimumVisualStudioVersion = 10.0.40219.1
Project("{9A19103F-16F7-4668-BE54-9A1E7A4F7556}") = "CicloDoWhile", "CicloDoWhile.csproj", "{DA3CAB2C-CC61-42A7-9B3A-079106BACDC1}"
EndProject
Global
	GlobalSection(SolutionConfigurationPlatforms) = preSolution
		Debug|Any CPU = Debug|Any CPU
		Release|Any CPU = Release|Any CPU
	EndGlobalSection
	GlobalSection(ProjectConfigurationPlatforms) = postSolution
		{DA3CAB2C-CC61-42A7-9B3A-079106BACDC1}.Debug|Any CPU.ActiveCfg = Debug|Any CPU
		{DA3CAB2C-CC61-42A7-9B3A-079106BACDC1}.Debug|Any CPU.Build.0 = Debug|Any CPU
		{DA3CAB2C-CC61-42A7-9B3A-079106BACDC1}.Release|Any CPU.ActiveCfg = Release|Any CPU
		{DA3CAB2C-CC61-42A7-9B3A-079106BACDC1}.Release|Any CPU.Build.0 = Release|Any CPU
	EndGlobalSection
	GlobalSection(SolutionProperties) = preSolution
		HideSolutionNode = FALSE
	EndGlobalSection
	GlobalSection(ExtensibilityGlobals) = postSolution
		SolutionGuid = {1559A717-B66F-453A-B43F-F4AA6AD59394}
	EndGlobalSection
EndGlobal
