
Microsoft Visual Studio Solution File, Format Version 12.00
# Visual Studio Version 17
VisualStudioVersion = 17.5.002.0
MinimumVisualStudioVersion = 10.0.40219.1
Project("{9A19103F-16F7-4668-BE54-9A1E7A4F7556}") = "Scope", "Scope.csproj", "{A32F4D2E-42B0-4AA3-B9A3-366BAFD26C5D}"
EndProject
Global
	GlobalSection(SolutionConfigurationPlatforms) = preSolution
		Debug|Any CPU = Debug|Any CPU
		Release|Any CPU = Release|Any CPU
	EndGlobalSection
	GlobalSection(ProjectConfigurationPlatforms) = postSolution
		{A32F4D2E-42B0-4AA3-B9A3-366BAFD26C5D}.Debug|Any CPU.ActiveCfg = Debug|Any CPU
		{A32F4D2E-42B0-4AA3-B9A3-366BAFD26C5D}.Debug|Any CPU.Build.0 = Debug|Any CPU
		{A32F4D2E-42B0-4AA3-B9A3-366BAFD26C5D}.Release|Any CPU.ActiveCfg = Release|Any CPU
		{A32F4D2E-42B0-4AA3-B9A3-366BAFD26C5D}.Release|Any CPU.Build.0 = Release|Any CPU
	EndGlobalSection
	GlobalSection(SolutionProperties) = preSolution
		HideSolutionNode = FALSE
	EndGlobalSection
	GlobalSection(ExtensibilityGlobals) = postSolution
		SolutionGuid = {BD2E7740-0784-4AAC-8027-798649647E3B}
	EndGlobalSection
EndGlobal
