
Microsoft Visual Studio Solution File, Format Version 12.00
# Visual Studio Version 17
VisualStudioVersion = 17.5.002.0
MinimumVisualStudioVersion = 10.0.40219.1
Project("{9A19103F-16F7-4668-BE54-9A1E7A4F7556}") = "BibliotecaEredit", "BibliotecaEredit.csproj", "{02974475-66EF-4C4D-AD91-0DDE2280AEFF}"
EndProject
Global
	GlobalSection(SolutionConfigurationPlatforms) = preSolution
		Debug|Any CPU = Debug|Any CPU
		Release|Any CPU = Release|Any CPU
	EndGlobalSection
	GlobalSection(ProjectConfigurationPlatforms) = postSolution
		{02974475-66EF-4C4D-AD91-0DDE2280AEFF}.Debug|Any CPU.ActiveCfg = Debug|Any CPU
		{02974475-66EF-4C4D-AD91-0DDE2280AEFF}.Debug|Any CPU.Build.0 = Debug|Any CPU
		{02974475-66EF-4C4D-AD91-0DDE2280AEFF}.Release|Any CPU.ActiveCfg = Release|Any CPU
		{02974475-66EF-4C4D-AD91-0DDE2280AEFF}.Release|Any CPU.Build.0 = Release|Any CPU
	EndGlobalSection
	GlobalSection(SolutionProperties) = preSolution
		HideSolutionNode = FALSE
	EndGlobalSection
	GlobalSection(ExtensibilityGlobals) = postSolution
		SolutionGuid = {DAA721F4-924C-440B-A19D-05915D4EF9EA}
	EndGlobalSection
EndGlobal
